
Microsoft Visual Studio Solution File, Format Version 12.00
# Visual Studio Version 17
VisualStudioVersion = 17.2.32526.322
MinimumVisualStudioVersion = 10.0.40219.1
Project("{FAE04EC0-301F-11D3-BF4B-00C04F79EFBC}") = "DijkstraShortestPath", "DijkstraShortestPath\DijkstraShortestPath.csproj", "{D78F1C89-FFD6-419C-B384-8A1755F72219}"
EndProject
Global
	GlobalSection(SolutionConfigurationPlatforms) = preSolution
		Debug|Any CPU = Debug|Any CPU
		Release|Any CPU = Release|Any CPU
	EndGlobalSection
	GlobalSection(ProjectConfigurationPlatforms) = postSolution
		{D78F1C89-FFD6-419C-B384-8A1755F72219}.Debug|Any CPU.ActiveCfg = Debug|Any CPU
		{D78F1C89-FFD6-419C-B384-8A1755F72219}.Debug|Any CPU.Build.0 = Debug|Any CPU
		{D78F1C89-FFD6-419C-B384-8A1755F72219}.Release|Any CPU.ActiveCfg = Release|Any CPU
		{D78F1C89-FFD6-419C-B384-8A1755F72219}.Release|Any CPU.Build.0 = Release|Any CPU
	EndGlobalSection
	GlobalSection(SolutionProperties) = preSolution
		HideSolutionNode = FALSE
	EndGlobalSection
	GlobalSection(ExtensibilityGlobals) = postSolution
		SolutionGuid = {B2815B02-2395-4C18-9457-56C686FE8FCD}
	EndGlobalSection
EndGlobal
